// !$*UTF8*$!
{
	archiveVersion = 1;
	classes = {
	};
	objectVersion = 48;
	objects = {

/* Begin PBXBuildFile section */
		9C1A74E11F72D29C00E2043B /* AppDelegate.swift in Sources */ = {isa = PBXBuildFile; fileRef = 9C1A74E01F72D29C00E2043B /* AppDelegate.swift */; };
		9C1A74E31F72D29C00E2043B /* ViewController.swift in Sources */ = {isa = PBXBuildFile; fileRef = 9C1A74E21F72D29C00E2043B /* ViewController.swift */; };
		9C1A74E61F72D29C00E2043B /* Main.storyboard in Resources */ = {isa = PBXBuildFile; fileRef = 9C1A74E41F72D29C00E2043B /* Main.storyboard */; };
		9C1A74E81F72D29C00E2043B /* Assets.xcassets in Resources */ = {isa = PBXBuildFile; fileRef = 9C1A74E71F72D29C00E2043B /* Assets.xcassets */; };
		9C1A74EB1F72D29C00E2043B /* LaunchScreen.storyboard in Resources */ = {isa = PBXBuildFile; fileRef = 9C1A74E91F72D29C00E2043B /* LaunchScreen.storyboard */; };
		9CDF925B1F7426C0001B6A0F /* UserNotifications.framework in Frameworks */ = {isa = PBXBuildFile; fileRef = 9CDF925A1F7426C0001B6A0F /* UserNotifications.framework */; };
		9CDF925E1F757A38001B6A0F /* TaskModel.xcdatamodeld in Sources */ = {isa = PBXBuildFile; fileRef = 9CDF925C1F757A38001B6A0F /* TaskModel.xcdatamodeld */; };
/* End PBXBuildFile section */

/* Begin PBXFileReference section */
		9C1A74DD1F72D29C00E2043B /* Pomodoro.app */ = {isa = PBXFileReference; explicitFileType = wrapper.application; includeInIndex = 0; path = Pomodoro.app; sourceTree = BUILT_PRODUCTS_DIR; };
		9C1A74E01F72D29C00E2043B /* AppDelegate.swift */ = {isa = PBXFileReference; lastKnownFileType = sourcecode.swift; path = AppDelegate.swift; sourceTree = "<group>"; };
		9C1A74E21F72D29C00E2043B /* ViewController.swift */ = {isa = PBXFileReference; lastKnownFileType = sourcecode.swift; path = ViewController.swift; sourceTree = "<group>"; };
		9C1A74E51F72D29C00E2043B /* Base */ = {isa = PBXFileReference; lastKnownFileType = file.storyboard; name = Base; path = Base.lproj/Main.storyboard; sourceTree = "<group>"; };
		9C1A74E71F72D29C00E2043B /* Assets.xcassets */ = {isa = PBXFileReference; lastKnownFileType = folder.assetcatalog; path = Assets.xcassets; sourceTree = "<group>"; };
		9C1A74EA1F72D29C00E2043B /* Base */ = {isa = PBXFileReference; lastKnownFileType = file.storyboard; name = Base; path = Base.lproj/LaunchScreen.storyboard; sourceTree = "<group>"; };
		9C1A74EC1F72D29C00E2043B /* Info.plist */ = {isa = PBXFileReference; lastKnownFileType = text.plist.xml; path = Info.plist; sourceTree = "<group>"; };
		9CDF925A1F7426C0001B6A0F /* UserNotifications.framework */ = {isa = PBXFileReference; lastKnownFileType = wrapper.framework; name = UserNotifications.framework; path = System/Library/Frameworks/UserNotifications.framework; sourceTree = SDKROOT; };
		9CDF925D1F757A38001B6A0F /* TaskModel.xcdatamodel */ = {isa = PBXFileReference; lastKnownFileType = wrapper.xcdatamodel; path = TaskModel.xcdatamodel; sourceTree = "<group>"; };
/* End PBXFileReference section */

/* Begin PBXFrameworksBuildPhase section */
		9C1A74DA1F72D29C00E2043B /* Frameworks */ = {
			isa = PBXFrameworksBuildPhase;
			buildActionMask = 2147483647;
			files = (
				9CDF925B1F7426C0001B6A0F /* UserNotifications.framework in Frameworks */,
			);
			runOnlyForDeploymentPostprocessing = 0;
		};
/* End PBXFrameworksBuildPhase section */

/* Begin PBXGroup section */
		9C1A74D41F72D29C00E2043B = {
			isa = PBXGroup;
			children = (
				9C1A74DF1F72D29C00E2043B /* Pomodoro */,
				9C1A74DE1F72D29C00E2043B /* Products */,
				9CDF92591F7426BF001B6A0F /* Frameworks */,
			);
			sourceTree = "<group>";
		};
		9C1A74DE1F72D29C00E2043B /* Products */ = {
			isa = PBXGroup;
			children = (
				9C1A74DD1F72D29C00E2043B /* Pomodoro.app */,
			);
			name = Products;
			sourceTree = "<group>";
		};
		9C1A74DF1F72D29C00E2043B /* Pomodoro */ = {
			isa = PBXGroup;
			children = (
				9C1A74E01F72D29C00E2043B /* AppDelegate.swift */,
				9C1A74E21F72D29C00E2043B /* ViewController.swift */,
				9C1A74E41F72D29C00E2043B /* Main.storyboard */,
				9C1A74E71F72D29C00E2043B /* Assets.xcassets */,
				9C1A74E91F72D29C00E2043B /* LaunchScreen.storyboard */,
				9CDF925C1F757A38001B6A0F /* TaskModel.xcdatamodeld */,
				9C1A74EC1F72D29C00E2043B /* Info.plist */,
			);
			path = Pomodoro;
			sourceTree = "<group>";
		};
		9CDF92591F7426BF001B6A0F /* Frameworks */ = {
			isa = PBXGroup;
			children = (
				9CDF925A1F7426C0001B6A0F /* UserNotifications.framework */,
			);
			name = Frameworks;
			sourceTree = "<group>";
		};
/* End PBXGroup section */

/* Begin PBXNativeTarget section */
		9C1A74DC1F72D29C00E2043B /* Pomodoro */ = {
			isa = PBXNativeTarget;
			buildConfigurationList = 9C1A74EF1F72D29C00E2043B /* Build configuration list for PBXNativeTarget "Pomodoro" */;
			buildPhases = (
				9C1A74D91F72D29C00E2043B /* Sources */,
				9C1A74DA1F72D29C00E2043B /* Frameworks */,
				9C1A74DB1F72D29C00E2043B /* Resources */,
			);
			buildRules = (
			);
			dependencies = (
			);
			name = Pomodoro;
			productName = Pomodoro;
			productReference = 9C1A74DD1F72D29C00E2043B /* Pomodoro.app */;
			productType = "com.apple.product-type.application";
		};
/* End PBXNativeTarget section */

/* Begin PBXProject section */
		9C1A74D51F72D29C00E2043B /* Project object */ = {
			isa = PBXProject;
			attributes = {
				LastSwiftUpdateCheck = 0900;
				LastUpgradeCheck = 0900;
				ORGANIZATIONNAME = "TWL Software";
				TargetAttributes = {
					9C1A74DC1F72D29C00E2043B = {
						CreatedOnToolsVersion = 9.0;
						ProvisioningStyle = Automatic;
					};
				};
			};
			buildConfigurationList = 9C1A74D81F72D29C00E2043B /* Build configuration list for PBXProject "Pomodoro" */;
			compatibilityVersion = "Xcode 8.0";
			developmentRegion = en;
			hasScannedForEncodings = 0;
			knownRegions = (
				en,
				Base,
			);
			mainGroup = 9C1A74D41F72D29C00E2043B;
			productRefGroup = 9C1A74DE1F72D29C00E2043B /* Products */;
			projectDirPath = "";
			projectRoot = "";
			targets = (
				9C1A74DC1F72D29C00E2043B /* Pomodoro */,
			);
		};
/* End PBXProject section */

/* Begin PBXResourcesBuildPhase section */
		9C1A74DB1F72D29C00E2043B /* Resources */ = {
			isa = PBXResourcesBuildPhase;
			buildActionMask = 2147483647;
			files = (
				9C1A74EB1F72D29C00E2043B /* LaunchScreen.storyboard in Resources */,
				9C1A74E81F72D29C00E2043B /* Assets.xcassets in Resources */,
				9C1A74E61F72D29C00E2043B /* Main.storyboard in Resources */,
			);
			runOnlyForDeploymentPostprocessing = 0;
		};
/* End PBXResourcesBuildPhase section */

/* Begin PBXSourcesBuildPhase section */
		9C1A74D91F72D29C00E2043B /* Sources */ = {
			isa = PBXSourcesBuildPhase;
			buildActionMask = 2147483647;
			files = (
				9C1A74E31F72D29C00E2043B /* ViewController.swift in Sources */,
				9C1A74E11F72D29C00E2043B /* AppDelegate.swift in Sources */,
				9CDF925E1F757A38001B6A0F /* TaskModel.xcdatamodeld in Sources */,
			);
			runOnlyForDeploymentPostprocessing = 0;
		};
/* End PBXSourcesBuildPhase section */

/* Begin PBXVariantGroup section */
		9C1A74E41F72D29C00E2043B /* Main.storyboard */ = {
			isa = PBXVariantGroup;
			children = (
				9C1A74E51F72D29C00E2043B /* Base */,
			);
			name = Main.storyboard;
			sourceTree = "<group>";
		};
		9C1A74E91F72D29C00E2043B /* LaunchScreen.storyboard */ = {
			isa = PBXVariantGroup;
			children = (
				9C1A74EA1F72D29C00E2043B /* Base */,
			);
			name = LaunchScreen.storyboard;
			sourceTree = "<group>";
		};
/* End PBXVariantGroup section */

/* Begin XCBuildConfiguration section */
		9C1A74ED1F72D29C00E2043B /* Debug */ = {
			isa = XCBuildConfiguration;
			buildSettings = {
				ALWAYS_SEARCH_USER_PATHS = NO;
				CLANG_ANALYZER_NONNULL = YES;
				CLANG_ANALYZER_NUMBER_OBJECT_CONVERSION = YES_AGGRESSIVE;
				CLANG_CXX_LANGUAGE_STANDARD = "gnu++14";
				CLANG_CXX_LIBRARY = "libc++";
				CLANG_ENABLE_MODULES = YES;
				CLANG_ENABLE_OBJC_ARC = YES;
				CLANG_WARN_BLOCK_CAPTURE_AUTORELEASING = YES;
				CLANG_WARN_BOOL_CONVERSION = YES;
				CLANG_WARN_COMMA = YES;
				CLANG_WARN_CONSTANT_CONVERSION = YES;
				CLANG_WARN_DIRECT_OBJC_ISA_USAGE = YES_ERROR;
				CLANG_WARN_DOCUMENTATION_COMMENTS = YES;
				CLANG_WARN_EMPTY_BODY = YES;
				CLANG_WARN_ENUM_CONVERSION = YES;
				CLANG_WARN_INFINITE_RECURSION = YES;
				CLANG_WARN_INT_CONVERSION = YES;
				CLANG_WARN_NON_LITERAL_NULL_CONVERSION = YES;
				CLANG_WARN_OBJC_LITERAL_CONVERSION = YES;
				CLANG_WARN_OBJC_ROOT_CLASS = YES_ERROR;
				CLANG_WARN_RANGE_LOOP_ANALYSIS = YES;
				CLANG_WARN_STRICT_PROTOTYPES = YES;
				CLANG_WARN_SUSPICIOUS_MOVE = YES;
				CLANG_WARN_UNGUARDED_AVAILABILITY = YES_AGGRESSIVE;
				CLANG_WARN_UNREACHABLE_CODE = YES;
				CLANG_WARN__DUPLICATE_METHOD_MATCH = YES;
				CODE_SIGN_IDENTITY = "iPhone Developer";
				COPY_PHASE_STRIP = NO;
				DEBUG_INFORMATION_FORMAT = dwarf;
				ENABLE_STRICT_OBJC_MSGSEND = YES;
				ENABLE_TESTABILITY = YES;
				GCC_C_LANGUAGE_STANDARD = gnu11;
				GCC_DYNAMIC_NO_PIC = NO;
				GCC_NO_COMMON_BLOCKS = YES;
				GCC_OPTIMIZATION_LEVEL = 0;
				GCC_PREPROCESSOR_DEFINITIONS = (
					"DEBUG=1",
					"$(inherited)",
				);
				GCC_WARN_64_TO_32_BIT_CONVERSION = YES;
				GCC_WARN_ABOUT_RETURN_TYPE = YES_ERROR;
				GCC_WARN_UNDECLARED_SELECTOR = YES;
				GCC_WARN_UNINITIALIZED_AUTOS = YES_AGGRESSIVE;
				GCC_WARN_UNUSED_FUNCTION = YES;
				GCC_WARN_UNUSED_VARIABLE = YES;
				IPHONEOS_DEPLOYMENT_TARGET = 11.0;
				MTL_ENABLE_DEBUG_INFO = YES;
				ONLY_ACTIVE_ARCH = YES;
				SDKROOT = iphoneos;
				SWIFT_ACTIVE_COMPILATION_CONDITIONS = DEBUG;
				SWIFT_OPTIMIZATION_LEVEL = "-Onone";
			};
			name = Debug;
		};
		9C1A74EE1F72D29C00E2043B /* Release */ = {
			isa = XCBuildConfiguration;
			buildSettings = {
				ALWAYS_SEARCH_USER_PATHS = NO;
				CLANG_ANALYZER_NONNULL = YES;
				CLANG_ANALYZER_NUMBER_OBJECT_CONVERSION = YES_AGGRESSIVE;
				CLANG_CXX_LANGUAGE_STANDARD = "gnu++14";
				CLANG_CXX_LIBRARY = "libc++";
				CLANG_ENABLE_MODULES = YES;
				CLANG_ENABLE_OBJC_ARC = YES;
				CLANG_WARN_BLOCK_CAPTURE_AUTORELEASING = YES;
				CLANG_WARN_BOOL_CONVERSION = YES;
				CLANG_WARN_COMMA = YES;
				CLANG_WARN_CONSTANT_CONVERSION = YES;
				CLANG_WARN_DIRECT_OBJC_ISA_USAGE = YES_ERROR;
				CLANG_WARN_DOCUMENTATION_COMMENTS = YES;
				CLANG_WARN_EMPTY_BODY = YES;
				CLANG_WARN_ENUM_CONVERSION = YES;
				CLANG_WARN_INFINITE_RECURSION = YES;
				CLANG_WARN_INT_CONVERSION = YES;
				CLANG_WARN_NON_LITERAL_NULL_CONVERSION = YES;
				CLANG_WARN_OBJC_LITERAL_CONVERSION = YES;
				CLANG_WARN_OBJC_ROOT_CLASS = YES_ERROR;
				CLANG_WARN_RANGE_LOOP_ANALYSIS = YES;
				CLANG_WARN_STRICT_PROTOTYPES = YES;
				CLANG_WARN_SUSPICIOUS_MOVE = YES;
				CLANG_WARN_UNGUARDED_AVAILABILITY = YES_AGGRESSIVE;
				CLANG_WARN_UNREACHABLE_CODE = YES;
				CLANG_WARN__DUPLICATE_METHOD_MATCH = YES;
				CODE_SIGN_IDENTITY = "iPhone Developer";
				COPY_PHASE_STRIP = NO;
				DEBUG_INFORMATION_FORMAT = "dwarf-with-dsym";
				ENABLE_NS_ASSERTIONS = NO;
				ENABLE_STRICT_OBJC_MSGSEND = YES;
				GCC_C_LANGUAGE_STANDARD = gnu11;
				GCC_NO_COMMON_BLOCKS = YES;
				GCC_WARN_64_TO_32_BIT_CONVERSION = YES;
				GCC_WARN_ABOUT_RETURN_TYPE = YES_ERROR;
				GCC_WARN_UNDECLARED_SELECTOR = YES;
				GCC_WARN_UNINITIALIZED_AUTOS = YES_AGGRESSIVE;
				GCC_WARN_UNUSED_FUNCTION = YES;
				GCC_WARN_UNUSED_VARIABLE = YES;
				IPHONEOS_DEPLOYMENT_TARGET = 11.0;
				MTL_ENABLE_DEBUG_INFO = NO;
				SDKROOT = iphoneos;
				SWIFT_OPTIMIZATION_LEVEL = "-Owholemodule";
				VALIDATE_PRODUCT = YES;
			};
			name = Release;
		};
		9C1A74F01F72D29C00E2043B /* Debug */ = {
			isa = XCBuildConfiguration;
			buildSettings = {
				ASSETCATALOG_COMPILER_APPICON_NAME = AppIcon;
				CODE_SIGN_STYLE = Automatic;
				DEVELOPMENT_TEAM = 89CK5WCQHQ;
				INFOPLIST_FILE = Pomodoro/Info.plist;
				LD_RUNPATH_SEARCH_PATHS = "$(inherited) @executable_path/Frameworks";
				PRODUCT_BUNDLE_IDENTIFIER = com.twl.Pomodoro;
				PRODUCT_NAME = "$(TARGET_NAME)";
				SWIFT_VERSION = 4.0;
				TARGETED_DEVICE_FAMILY = "1,2";
			};
			name = Debug;
		};
		9C1A74F11F72D29C00E2043B /* Release */ = {
			isa = XCBuildConfiguration;
			buildSettings = {
				ASSETCATALOG_COMPILER_APPICON_NAME = AppIcon;
				CODE_SIGN_STYLE = Automatic;
				DEVELOPMENT_TEAM = 89CK5WCQHQ;
				INFOPLIST_FILE = Pomodoro/Info.plist;
				LD_RUNPATH_SEARCH_PATHS = "$(inherited) @executable_path/Frameworks";
				PRODUCT_BUNDLE_IDENTIFIER = com.twl.Pomodoro;
				PRODUCT_NAME = "$(TARGET_NAME)";
				SWIFT_VERSION = 4.0;
				TARGETED_DEVICE_FAMILY = "1,2";
			};
			name = Release;
		};
/* End XCBuildConfiguration section */

/* Begin XCConfigurationList section */
		9C1A74D81F72D29C00E2043B /* Build configuration list for PBXProject "Pomodoro" */ = {
			isa = XCConfigurationList;
			buildConfigurations = (
				9C1A74ED1F72D29C00E2043B /* Debug */,
				9C1A74EE1F72D29C00E2043B /* Release */,
			);
			defaultConfigurationIsVisible = 0;
			defaultConfigurationName = Release;
		};
		9C1A74EF1F72D29C00E2043B /* Build configuration list for PBXNativeTarget "Pomodoro" */ = {
			isa = XCConfigurationList;
			buildConfigurations = (
				9C1A74F01F72D29C00E2043B /* Debug */,
				9C1A74F11F72D29C00E2043B /* Release */,
			);
			defaultConfigurationIsVisible = 0;
			defaultConfigurationName = Release;
		};
/* End XCConfigurationList section */

/* Begin XCVersionGroup section */
		9CDF925C1F757A38001B6A0F /* TaskModel.xcdatamodeld */ = {
			isa = XCVersionGroup;
			children = (
				9CDF925D1F757A38001B6A0F /* TaskModel.xcdatamodel */,
			);
			currentVersion = 9CDF925D1F757A38001B6A0F /* TaskModel.xcdatamodel */;
			path = TaskModel.xcdatamodeld;
			sourceTree = "<group>";
			versionGroupType = wrapper.xcdatamodel;
		};
/* End XCVersionGroup section */
	};
	rootObject = 9C1A74D51F72D29C00E2043B /* Project object */;
}
